// !$*UTF8*$!
{
	archiveVersion = 1;
	classes = {
	};
	objectVersion = 46;
	objects = {

/* Begin PBXBuildFile section */
		7D12B6CC150EA6B500353345 /* EventRequestRESTTests.m in Sources */ = {isa = PBXBuildFile; fileRef = 7D12B6CB150EA6B500353345 /* EventRequestRESTTests.m */; };
		7D12B6CF150EA85200353345 /* BaseRESTFulTests.m in Sources */ = {isa = PBXBuildFile; fileRef = 7D12B6CE150EA85200353345 /* BaseRESTFulTests.m */; };
		7D2AE14D150BE62E00CCE28C /* Default@2x.png in Resources */ = {isa = PBXBuildFile; fileRef = 7D2AE14C150BE62E00CCE28C /* Default@2x.png */; };
		7D2AE14F150BE8D600CCE28C /* Default.png in Resources */ = {isa = PBXBuildFile; fileRef = 7D2AE14E150BE8D600CCE28C /* Default.png */; };
		7D2AE151150BEE5A00CCE28C /* Icon@2x.png in Resources */ = {isa = PBXBuildFile; fileRef = 7D2AE150150BEE5A00CCE28C /* Icon@2x.png */; };
		7D2AE153150BEE6A00CCE28C /* Icon.png in Resources */ = {isa = PBXBuildFile; fileRef = 7D2AE152150BEE6A00CCE28C /* Icon.png */; };
		7D2AE155150BF32200CCE28C /* mfLogoWhite.png in Resources */ = {isa = PBXBuildFile; fileRef = 7D2AE154150BF32200CCE28C /* mfLogoWhite.png */; };
		7D2AE157150BF5CB00CCE28C /* mfLogoWhite_630.png in Resources */ = {isa = PBXBuildFile; fileRef = 7D2AE156150BF5CB00CCE28C /* mfLogoWhite_630.png */; };
		7D74594214F68D8A00AFB621 /* UIKit.framework in Frameworks */ = {isa = PBXBuildFile; fileRef = 7D74594114F68D8A00AFB621 /* UIKit.framework */; };
		7D74594414F68D8A00AFB621 /* Foundation.framework in Frameworks */ = {isa = PBXBuildFile; fileRef = 7D74594314F68D8A00AFB621 /* Foundation.framework */; };
		7D74594614F68D8A00AFB621 /* CoreGraphics.framework in Frameworks */ = {isa = PBXBuildFile; fileRef = 7D74594514F68D8A00AFB621 /* CoreGraphics.framework */; };
		7D74594C14F68D8A00AFB621 /* InfoPlist.strings in Resources */ = {isa = PBXBuildFile; fileRef = 7D74594A14F68D8A00AFB621 /* InfoPlist.strings */; };
		7D74595214F68D8A00AFB621 /* AppDelegate.m in Sources */ = {isa = PBXBuildFile; fileRef = 7D74595114F68D8A00AFB621 /* AppDelegate.m */; };
		7D74595A14F68D8A00AFB621 /* SenTestingKit.framework in Frameworks */ = {isa = PBXBuildFile; fileRef = 7D74595914F68D8A00AFB621 /* SenTestingKit.framework */; };
		7D74595B14F68D8A00AFB621 /* UIKit.framework in Frameworks */ = {isa = PBXBuildFile; fileRef = 7D74594114F68D8A00AFB621 /* UIKit.framework */; };
		7D74595C14F68D8A00AFB621 /* Foundation.framework in Frameworks */ = {isa = PBXBuildFile; fileRef = 7D74594314F68D8A00AFB621 /* Foundation.framework */; };
		7D74596414F68D8A00AFB621 /* InfoPlist.strings in Resources */ = {isa = PBXBuildFile; fileRef = 7D74596214F68D8A00AFB621 /* InfoPlist.strings */; };
		7D74596714F68D8A00AFB621 /* MixAndMatchTests.m in Sources */ = {isa = PBXBuildFile; fileRef = 7D74596614F68D8A00AFB621 /* MixAndMatchTests.m */; };
		7D86199E150CE57E00BF7C9C /* MatchDetailView.xib in Resources */ = {isa = PBXBuildFile; fileRef = 7D86199D150CE57E00BF7C9C /* MatchDetailView.xib */; };
		7D8619A1150CE8B600BF7C9C /* MatchDetailViewController.m in Sources */ = {isa = PBXBuildFile; fileRef = 7D8619A0150CE8B600BF7C9C /* MatchDetailViewController.m */; };
		7D867FF81504298100FA030E /* CoreLocation.framework in Frameworks */ = {isa = PBXBuildFile; fileRef = 7D867FF71504298100FA030E /* CoreLocation.framework */; };
		7D8680031504349600FA030E /* MapKit.framework in Frameworks */ = {isa = PBXBuildFile; fileRef = 7D8680021504349600FA030E /* MapKit.framework */; };
		7D880210150CF4EE008B7469 /* EventKit.framework in Frameworks */ = {isa = PBXBuildFile; fileRef = 7D88020E150CF4EE008B7469 /* EventKit.framework */; };
		7D880211150CF4EE008B7469 /* EventKitUI.framework in Frameworks */ = {isa = PBXBuildFile; fileRef = 7D88020F150CF4EE008B7469 /* EventKitUI.framework */; };
		7D9E6E6115057E56006ACBA1 /* MapPoint.m in Sources */ = {isa = PBXBuildFile; fileRef = 7D9E6E6015057E56006ACBA1 /* MapPoint.m */; };
		7DA71FAA14F6AD1500FAC938 /* Coordinate.m in Sources */ = {isa = PBXBuildFile; fileRef = 7DA71FA314F6AD1500FAC938 /* Coordinate.m */; };
		7DA71FAB14F6AD1500FAC938 /* EventRequest.m in Sources */ = {isa = PBXBuildFile; fileRef = 7DA71FA514F6AD1500FAC938 /* EventRequest.m */; };
		7DA71FAC14F6AD1500FAC938 /* Location.m in Sources */ = {isa = PBXBuildFile; fileRef = 7DA71FA714F6AD1500FAC938 /* Location.m */; };
		7DA71FAD14F6AD1500FAC938 /* Match.m in Sources */ = {isa = PBXBuildFile; fileRef = 7DA71FA914F6AD1500FAC938 /* Match.m */; };
		7DA71FCF14F6AE2E00FAC938 /* libRestKit.a in Frameworks */ = {isa = PBXBuildFile; fileRef = 7DA71FC614F6AD9F00FAC938 /* libRestKit.a */; };
		7DA71FD714F6AE5400FAC938 /* CFNetwork.framework in Frameworks */ = {isa = PBXBuildFile; fileRef = 7DA71FD014F6AE5400FAC938 /* CFNetwork.framework */; };
		7DA71FD814F6AE5400FAC938 /* CoreData.framework in Frameworks */ = {isa = PBXBuildFile; fileRef = 7DA71FD114F6AE5400FAC938 /* CoreData.framework */; };
		7DA71FD914F6AE5400FAC938 /* libxml2.dylib in Frameworks */ = {isa = PBXBuildFile; fileRef = 7DA71FD214F6AE5400FAC938 /* libxml2.dylib */; };
		7DA71FDA14F6AE5400FAC938 /* MobileCoreServices.framework in Frameworks */ = {isa = PBXBuildFile; fileRef = 7DA71FD314F6AE5400FAC938 /* MobileCoreServices.framework */; };
		7DA71FDB14F6AE5400FAC938 /* QuartzCore.framework in Frameworks */ = {isa = PBXBuildFile; fileRef = 7DA71FD414F6AE5400FAC938 /* QuartzCore.framework */; };
		7DA71FDC14F6AE5400FAC938 /* Security.framework in Frameworks */ = {isa = PBXBuildFile; fileRef = 7DA71FD514F6AE5400FAC938 /* Security.framework */; };
		7DA71FDD14F6AE5400FAC938 /* SystemConfiguration.framework in Frameworks */ = {isa = PBXBuildFile; fileRef = 7DA71FD614F6AE5400FAC938 /* SystemConfiguration.framework */; };
		7DBA6B4B150BC7C400E19D31 /* EventRequestView_iPad.xib in Resources */ = {isa = PBXBuildFile; fileRef = 7DBA6B40150BC7C400E19D31 /* EventRequestView_iPad.xib */; };
		7DBA6B4C150BC7C400E19D31 /* LocationView_iPad.xib in Resources */ = {isa = PBXBuildFile; fileRef = 7DBA6B41150BC7C400E19D31 /* LocationView_iPad.xib */; };
		7DBA6B4D150BC7C400E19D31 /* MatchView_iPad.xib in Resources */ = {isa = PBXBuildFile; fileRef = 7DBA6B42150BC7C400E19D31 /* MatchView_iPad.xib */; };
		7DBA6B4E150BC7C400E19D31 /* MatchView_iPhone.xib in Resources */ = {isa = PBXBuildFile; fileRef = 7DBA6B43150BC7C400E19D31 /* MatchView_iPhone.xib */; };
		7DBA6B4F150BC7C400E19D31 /* EventRequestView_iPhone.xib in Resources */ = {isa = PBXBuildFile; fileRef = 7DBA6B44150BC7C400E19D31 /* EventRequestView_iPhone.xib */; };
		7DBA6B50150BC7C400E19D31 /* mainWindow.xib in Resources */ = {isa = PBXBuildFile; fileRef = 7DBA6B45150BC7C400E19D31 /* mainWindow.xib */; };
		7DBA6B52150BC7C400E19D31 /* LocationView_iPhone.xib in Resources */ = {isa = PBXBuildFile; fileRef = 7DBA6B47150BC7C400E19D31 /* LocationView_iPhone.xib */; };
		7DBA6B53150BC7C400E19D31 /* DatePickerView_iPhone.xib in Resources */ = {isa = PBXBuildFile; fileRef = 7DBA6B48150BC7C400E19D31 /* DatePickerView_iPhone.xib */; };
		7DBA6B54150BC7C400E19D31 /* SetupLunchView_iPhone.xib in Resources */ = {isa = PBXBuildFile; fileRef = 7DBA6B49150BC7C400E19D31 /* SetupLunchView_iPhone.xib */; };
		7DBA6B55150BC7C400E19D31 /* SetUserViewController.xib in Resources */ = {isa = PBXBuildFile; fileRef = 7DBA6B4A150BC7C400E19D31 /* SetUserViewController.xib */; };
		7DBA6B67150BC7DA00E19D31 /* NSString+StringUtils.m in Sources */ = {isa = PBXBuildFile; fileRef = 7DBA6B5A150BC7DA00E19D31 /* NSString+StringUtils.m */; };
		7DBA6B68150BC7DA00E19D31 /* DatePickerViewController.m in Sources */ = {isa = PBXBuildFile; fileRef = 7DBA6B5B150BC7DA00E19D31 /* DatePickerViewController.m */; };
		7DBA6B69150BC7DA00E19D31 /* SetUserViewController.m in Sources */ = {isa = PBXBuildFile; fileRef = 7DBA6B5D150BC7DA00E19D31 /* SetUserViewController.m */; };
		7DBA6B6A150BC7DA00E19D31 /* MatchController.m in Sources */ = {isa = PBXBuildFile; fileRef = 7DBA6B60150BC7DA00E19D31 /* MatchController.m */; };
		7DBA6B6B150BC7DA00E19D31 /* EventRequestController.m in Sources */ = {isa = PBXBuildFile; fileRef = 7DBA6B61150BC7DA00E19D31 /* EventRequestController.m */; };
		7DBA6B6C150BC7DA00E19D31 /* SetupLunchViewController.m in Sources */ = {isa = PBXBuildFile; fileRef = 7DBA6B62150BC7DA00E19D31 /* SetupLunchViewController.m */; };
		7DBA6B6D150BC7DA00E19D31 /* LocationController.m in Sources */ = {isa = PBXBuildFile; fileRef = 7DBA6B65150BC7DA00E19D31 /* LocationController.m */; };
		7DBA6C7F150BC8AF00E19D31 /* MixAndMatch-Info.plist in Resources */ = {isa = PBXBuildFile; fileRef = 7DBA6C7D150BC8AF00E19D31 /* MixAndMatch-Info.plist */; };
		7DBA6C80150BC8AF00E19D31 /* main.m in Sources */ = {isa = PBXBuildFile; fileRef = 7DBA6C7E150BC8AF00E19D31 /* main.m */; };
		7DBCC980150CC7FC00B306F5 /* BaseLunchController.m in Sources */ = {isa = PBXBuildFile; fileRef = 7DBCC97F150CC7FC00B306F5 /* BaseLunchController.m */; };
/* End PBXBuildFile section */

/* Begin PBXContainerItemProxy section */
		7D74595D14F68D8A00AFB621 /* PBXContainerItemProxy */ = {
			isa = PBXContainerItemProxy;
			containerPortal = 7D74593414F68D8A00AFB621 /* Project object */;
			proxyType = 1;
			remoteGlobalIDString = 7D74593C14F68D8A00AFB621;
			remoteInfo = MixAndMatch;
		};
		7DA71FC514F6AD9F00FAC938 /* PBXContainerItemProxy */ = {
			isa = PBXContainerItemProxy;
			containerPortal = 7DA71FBB14F6AD9E00FAC938 /* RestKit.xcodeproj */;
			proxyType = 2;
			remoteGlobalIDString = 25160D1614564E810060A5C5;
			remoteInfo = RestKit;
		};
		7DA71FC714F6AD9F00FAC938 /* PBXContainerItemProxy */ = {
			isa = PBXContainerItemProxy;
			containerPortal = 7DA71FBB14F6AD9E00FAC938 /* RestKit.xcodeproj */;
			proxyType = 2;
			remoteGlobalIDString = 25160D2614564E820060A5C5;
			remoteInfo = RestKitTests;
		};
		7DA71FC914F6AD9F00FAC938 /* PBXContainerItemProxy */ = {
			isa = PBXContainerItemProxy;
			containerPortal = 7DA71FBB14F6AD9E00FAC938 /* RestKit.xcodeproj */;
			proxyType = 2;
			remoteGlobalIDString = 25160E62145651060060A5C5;
			remoteInfo = RestKitFramework;
		};
		7DA71FCB14F6AD9F00FAC938 /* PBXContainerItemProxy */ = {
			isa = PBXContainerItemProxy;
			containerPortal = 7DA71FBB14F6AD9E00FAC938 /* RestKit.xcodeproj */;
			proxyType = 2;
			remoteGlobalIDString = 25160E78145651060060A5C5;
			remoteInfo = RestKitFrameworkTests;
		};
		7DA71FCD14F6AE2600FAC938 /* PBXContainerItemProxy */ = {
			isa = PBXContainerItemProxy;
			containerPortal = 7DA71FBB14F6AD9E00FAC938 /* RestKit.xcodeproj */;
			proxyType = 1;
			remoteGlobalIDString = 25160D1514564E810060A5C5;
			remoteInfo = RestKit;
		};
/* End PBXContainerItemProxy section */

/* Begin PBXFileReference section */
		7D12B6CA150EA6B500353345 /* EventRequestRESTTests.h */ = {isa = PBXFileReference; fileEncoding = 4; lastKnownFileType = sourcecode.c.h; path = EventRequestRESTTests.h; sourceTree = "<group>"; };
		7D12B6CB150EA6B500353345 /* EventRequestRESTTests.m */ = {isa = PBXFileReference; fileEncoding = 4; lastKnownFileType = sourcecode.c.objc; path = EventRequestRESTTests.m; sourceTree = "<group>"; };
		7D12B6CD150EA85200353345 /* BaseRESTFulTests.h */ = {isa = PBXFileReference; fileEncoding = 4; lastKnownFileType = sourcecode.c.h; path = BaseRESTFulTests.h; sourceTree = "<group>"; };
		7D12B6CE150EA85200353345 /* BaseRESTFulTests.m */ = {isa = PBXFileReference; fileEncoding = 4; lastKnownFileType = sourcecode.c.objc; path = BaseRESTFulTests.m; sourceTree = "<group>"; };
		7D2AE14C150BE62E00CCE28C /* Default@2x.png */ = {isa = PBXFileReference; lastKnownFileType = image.png; path = "Default@2x.png"; sourceTree = SOURCE_ROOT; };
		7D2AE14E150BE8D600CCE28C /* Default.png */ = {isa = PBXFileReference; lastKnownFileType = image.png; path = Default.png; sourceTree = "<group>"; };
		7D2AE150150BEE5A00CCE28C /* Icon@2x.png */ = {isa = PBXFileReference; lastKnownFileType = image.png; path = "Icon@2x.png"; sourceTree = "<group>"; };
		7D2AE152150BEE6A00CCE28C /* Icon.png */ = {isa = PBXFileReference; lastKnownFileType = image.png; path = Icon.png; sourceTree = "<group>"; };
		7D2AE154150BF32200CCE28C /* mfLogoWhite.png */ = {isa = PBXFileReference; lastKnownFileType = image.png; name = mfLogoWhite.png; path = images/mfLogoWhite.png; sourceTree = "<group>"; };
		7D2AE156150BF5CB00CCE28C /* mfLogoWhite_630.png */ = {isa = PBXFileReference; lastKnownFileType = image.png; name = mfLogoWhite_630.png; path = images/mfLogoWhite_630.png; sourceTree = "<group>"; };
		7D2AE170150C34AF00CCE28C /* taimerhofstr.gpx */ = {isa = PBXFileReference; lastKnownFileType = text.xml; name = taimerhofstr.gpx; path = "../GPX files/taimerhofstr.gpx"; sourceTree = "<group>"; };
		7D74593D14F68D8A00AFB621 /* MixAndMatch.app */ = {isa = PBXFileReference; explicitFileType = wrapper.application; includeInIndex = 0; path = MixAndMatch.app; sourceTree = BUILT_PRODUCTS_DIR; };
		7D74594114F68D8A00AFB621 /* UIKit.framework */ = {isa = PBXFileReference; lastKnownFileType = wrapper.framework; name = UIKit.framework; path = System/Library/Frameworks/UIKit.framework; sourceTree = SDKROOT; };
		7D74594314F68D8A00AFB621 /* Foundation.framework */ = {isa = PBXFileReference; lastKnownFileType = wrapper.framework; name = Foundation.framework; path = System/Library/Frameworks/Foundation.framework; sourceTree = SDKROOT; };
		7D74594514F68D8A00AFB621 /* CoreGraphics.framework */ = {isa = PBXFileReference; lastKnownFileType = wrapper.framework; name = CoreGraphics.framework; path = System/Library/Frameworks/CoreGraphics.framework; sourceTree = SDKROOT; };
		7D74594B14F68D8A00AFB621 /* en */ = {isa = PBXFileReference; lastKnownFileType = text.plist.strings; name = en; path = en.lproj/InfoPlist.strings; sourceTree = "<group>"; };
		7D74595014F68D8A00AFB621 /* AppDelegate.h */ = {isa = PBXFileReference; lastKnownFileType = sourcecode.c.h; path = AppDelegate.h; sourceTree = "<group>"; };
		7D74595114F68D8A00AFB621 /* AppDelegate.m */ = {isa = PBXFileReference; lastKnownFileType = sourcecode.c.objc; path = AppDelegate.m; sourceTree = "<group>"; };
		7D74595814F68D8A00AFB621 /* MixAndMatchTests.octest */ = {isa = PBXFileReference; explicitFileType = wrapper.cfbundle; includeInIndex = 0; path = MixAndMatchTests.octest; sourceTree = BUILT_PRODUCTS_DIR; };
		7D74595914F68D8A00AFB621 /* SenTestingKit.framework */ = {isa = PBXFileReference; lastKnownFileType = wrapper.framework; name = SenTestingKit.framework; path = Library/Frameworks/SenTestingKit.framework; sourceTree = DEVELOPER_DIR; };
		7D74596114F68D8A00AFB621 /* MixAndMatchTests-Info.plist */ = {isa = PBXFileReference; lastKnownFileType = text.plist.xml; path = "MixAndMatchTests-Info.plist"; sourceTree = "<group>"; };
		7D74596314F68D8A00AFB621 /* en */ = {isa = PBXFileReference; lastKnownFileType = text.plist.strings; name = en; path = en.lproj/InfoPlist.strings; sourceTree = "<group>"; };
		7D74596514F68D8A00AFB621 /* MixAndMatchTests.h */ = {isa = PBXFileReference; lastKnownFileType = sourcecode.c.h; path = MixAndMatchTests.h; sourceTree = "<group>"; };
		7D74596614F68D8A00AFB621 /* MixAndMatchTests.m */ = {isa = PBXFileReference; lastKnownFileType = sourcecode.c.objc; path = MixAndMatchTests.m; sourceTree = "<group>"; };
		7D86199D150CE57E00BF7C9C /* MatchDetailView.xib */ = {isa = PBXFileReference; fileEncoding = 4; lastKnownFileType = file.xib; name = MatchDetailView.xib; path = View/MatchDetailView.xib; sourceTree = "<group>"; };
		7D86199F150CE8B600BF7C9C /* MatchDetailViewController.h */ = {isa = PBXFileReference; fileEncoding = 4; lastKnownFileType = sourcecode.c.h; name = MatchDetailViewController.h; path = Controller/MatchDetailViewController.h; sourceTree = "<group>"; };
		7D8619A0150CE8B600BF7C9C /* MatchDetailViewController.m */ = {isa = PBXFileReference; fileEncoding = 4; lastKnownFileType = sourcecode.c.objc; name = MatchDetailViewController.m; path = Controller/MatchDetailViewController.m; sourceTree = "<group>"; };
		7D867FF71504298100FA030E /* CoreLocation.framework */ = {isa = PBXFileReference; lastKnownFileType = wrapper.framework; name = CoreLocation.framework; path = System/Library/Frameworks/CoreLocation.framework; sourceTree = SDKROOT; };
		7D8680021504349600FA030E /* MapKit.framework */ = {isa = PBXFileReference; lastKnownFileType = wrapper.framework; name = MapKit.framework; path = System/Library/Frameworks/MapKit.framework; sourceTree = SDKROOT; };
		7D88020E150CF4EE008B7469 /* EventKit.framework */ = {isa = PBXFileReference; lastKnownFileType = wrapper.framework; name = EventKit.framework; path = System/Library/Frameworks/EventKit.framework; sourceTree = SDKROOT; };
		7D88020F150CF4EE008B7469 /* EventKitUI.framework */ = {isa = PBXFileReference; lastKnownFileType = wrapper.framework; name = EventKitUI.framework; path = System/Library/Frameworks/EventKitUI.framework; sourceTree = SDKROOT; };
		7D9E6E5F15057E56006ACBA1 /* MapPoint.h */ = {isa = PBXFileReference; fileEncoding = 4; lastKnownFileType = sourcecode.c.h; path = MapPoint.h; sourceTree = "<group>"; };
		7D9E6E6015057E56006ACBA1 /* MapPoint.m */ = {isa = PBXFileReference; fileEncoding = 4; lastKnownFileType = sourcecode.c.objc; path = MapPoint.m; sourceTree = "<group>"; };
		7DA71FA114F6AD1500FAC938 /* BaseModel.h */ = {isa = PBXFileReference; fileEncoding = 4; lastKnownFileType = sourcecode.c.h; path = BaseModel.h; sourceTree = "<group>"; };
		7DA71FA214F6AD1500FAC938 /* Coordinate.h */ = {isa = PBXFileReference; fileEncoding = 4; lastKnownFileType = sourcecode.c.h; path = Coordinate.h; sourceTree = "<group>"; };
		7DA71FA314F6AD1500FAC938 /* Coordinate.m */ = {isa = PBXFileReference; fileEncoding = 4; lastKnownFileType = sourcecode.c.objc; path = Coordinate.m; sourceTree = "<group>"; };
		7DA71FA414F6AD1500FAC938 /* EventRequest.h */ = {isa = PBXFileReference; fileEncoding = 4; lastKnownFileType = sourcecode.c.h; path = EventRequest.h; sourceTree = "<group>"; };
		7DA71FA514F6AD1500FAC938 /* EventRequest.m */ = {isa = PBXFileReference; fileEncoding = 4; lastKnownFileType = sourcecode.c.objc; path = EventRequest.m; sourceTree = "<group>"; };
		7DA71FA614F6AD1500FAC938 /* Location.h */ = {isa = PBXFileReference; fileEncoding = 4; lastKnownFileType = sourcecode.c.h; path = Location.h; sourceTree = "<group>"; };
		7DA71FA714F6AD1500FAC938 /* Location.m */ = {isa = PBXFileReference; fileEncoding = 4; lastKnownFileType = sourcecode.c.objc; path = Location.m; sourceTree = "<group>"; };
		7DA71FA814F6AD1500FAC938 /* Match.h */ = {isa = PBXFileReference; fileEncoding = 4; lastKnownFileType = sourcecode.c.h; path = Match.h; sourceTree = "<group>"; };
		7DA71FA914F6AD1500FAC938 /* Match.m */ = {isa = PBXFileReference; fileEncoding = 4; lastKnownFileType = sourcecode.c.objc; path = Match.m; sourceTree = "<group>"; };
		7DA71FBB14F6AD9E00FAC938 /* RestKit.xcodeproj */ = {isa = PBXFileReference; lastKnownFileType = "wrapper.pb-project"; name = RestKit.xcodeproj; path = RestKit/RestKit.xcodeproj; sourceTree = "<group>"; };
		7DA71FD014F6AE5400FAC938 /* CFNetwork.framework */ = {isa = PBXFileReference; lastKnownFileType = wrapper.framework; name = CFNetwork.framework; path = System/Library/Frameworks/CFNetwork.framework; sourceTree = SDKROOT; };
		7DA71FD114F6AE5400FAC938 /* CoreData.framework */ = {isa = PBXFileReference; lastKnownFileType = wrapper.framework; name = CoreData.framework; path = System/Library/Frameworks/CoreData.framework; sourceTree = SDKROOT; };
		7DA71FD214F6AE5400FAC938 /* libxml2.dylib */ = {isa = PBXFileReference; lastKnownFileType = "compiled.mach-o.dylib"; name = libxml2.dylib; path = usr/lib/libxml2.dylib; sourceTree = SDKROOT; };
		7DA71FD314F6AE5400FAC938 /* MobileCoreServices.framework */ = {isa = PBXFileReference; lastKnownFileType = wrapper.framework; name = MobileCoreServices.framework; path = System/Library/Frameworks/MobileCoreServices.framework; sourceTree = SDKROOT; };
		7DA71FD414F6AE5400FAC938 /* QuartzCore.framework */ = {isa = PBXFileReference; lastKnownFileType = wrapper.framework; name = QuartzCore.framework; path = System/Library/Frameworks/QuartzCore.framework; sourceTree = SDKROOT; };
		7DA71FD514F6AE5400FAC938 /* Security.framework */ = {isa = PBXFileReference; lastKnownFileType = wrapper.framework; name = Security.framework; path = System/Library/Frameworks/Security.framework; sourceTree = SDKROOT; };
		7DA71FD614F6AE5400FAC938 /* SystemConfiguration.framework */ = {isa = PBXFileReference; lastKnownFileType = wrapper.framework; name = SystemConfiguration.framework; path = System/Library/Frameworks/SystemConfiguration.framework; sourceTree = SDKROOT; };
		7DBA6B40150BC7C400E19D31 /* EventRequestView_iPad.xib */ = {isa = PBXFileReference; fileEncoding = 4; lastKnownFileType = file.xib; name = EventRequestView_iPad.xib; path = View/EventRequestView_iPad.xib; sourceTree = "<group>"; };
		7DBA6B41150BC7C400E19D31 /* LocationView_iPad.xib */ = {isa = PBXFileReference; fileEncoding = 4; lastKnownFileType = file.xib; name = LocationView_iPad.xib; path = View/LocationView_iPad.xib; sourceTree = "<group>"; };
		7DBA6B42150BC7C400E19D31 /* MatchView_iPad.xib */ = {isa = PBXFileReference; fileEncoding = 4; lastKnownFileType = file.xib; name = MatchView_iPad.xib; path = View/MatchView_iPad.xib; sourceTree = "<group>"; };
		7DBA6B43150BC7C400E19D31 /* MatchView_iPhone.xib */ = {isa = PBXFileReference; fileEncoding = 4; lastKnownFileType = file.xib; name = MatchView_iPhone.xib; path = View/MatchView_iPhone.xib; sourceTree = "<group>"; };
		7DBA6B44150BC7C400E19D31 /* EventRequestView_iPhone.xib */ = {isa = PBXFileReference; fileEncoding = 4; lastKnownFileType = file.xib; name = EventRequestView_iPhone.xib; path = View/EventRequestView_iPhone.xib; sourceTree = "<group>"; };
		7DBA6B45150BC7C400E19D31 /* mainWindow.xib */ = {isa = PBXFileReference; fileEncoding = 4; lastKnownFileType = file.xib; name = mainWindow.xib; path = View/mainWindow.xib; sourceTree = "<group>"; };
		7DBA6B47150BC7C400E19D31 /* LocationView_iPhone.xib */ = {isa = PBXFileReference; fileEncoding = 4; lastKnownFileType = file.xib; name = LocationView_iPhone.xib; path = View/LocationView_iPhone.xib; sourceTree = "<group>"; };
		7DBA6B48150BC7C400E19D31 /* DatePickerView_iPhone.xib */ = {isa = PBXFileReference; fileEncoding = 4; lastKnownFileType = file.xib; name = DatePickerView_iPhone.xib; path = View/DatePickerView_iPhone.xib; sourceTree = "<group>"; };
		7DBA6B49150BC7C400E19D31 /* SetupLunchView_iPhone.xib */ = {isa = PBXFileReference; fileEncoding = 4; lastKnownFileType = file.xib; name = SetupLunchView_iPhone.xib; path = View/SetupLunchView_iPhone.xib; sourceTree = "<group>"; };
		7DBA6B4A150BC7C400E19D31 /* SetUserViewController.xib */ = {isa = PBXFileReference; fileEncoding = 4; lastKnownFileType = file.xib; name = SetUserViewController.xib; path = View/SetUserViewController.xib; sourceTree = "<group>"; };
		7DBA6B56150BC7DA00E19D31 /* DatePickerViewController.h */ = {isa = PBXFileReference; fileEncoding = 4; lastKnownFileType = sourcecode.c.h; name = DatePickerViewController.h; path = Controller/DatePickerViewController.h; sourceTree = "<group>"; };
		7DBA6B59150BC7DA00E19D31 /* NSString+StringUtils.h */ = {isa = PBXFileReference; fileEncoding = 4; lastKnownFileType = sourcecode.c.h; name = "NSString+StringUtils.h"; path = "Controller/NSString+StringUtils.h"; sourceTree = "<group>"; };
		7DBA6B5A150BC7DA00E19D31 /* NSString+StringUtils.m */ = {isa = PBXFileReference; fileEncoding = 4; lastKnownFileType = sourcecode.c.objc; name = "NSString+StringUtils.m"; path = "Controller/NSString+StringUtils.m"; sourceTree = "<group>"; };
		7DBA6B5B150BC7DA00E19D31 /* DatePickerViewController.m */ = {isa = PBXFileReference; fileEncoding = 4; lastKnownFileType = sourcecode.c.objc; name = DatePickerViewController.m; path = Controller/DatePickerViewController.m; sourceTree = "<group>"; };
		7DBA6B5C150BC7DA00E19D31 /* SetupLunchViewController.h */ = {isa = PBXFileReference; fileEncoding = 4; lastKnownFileType = sourcecode.c.h; name = SetupLunchViewController.h; path = Controller/SetupLunchViewController.h; sourceTree = "<group>"; };
		7DBA6B5D150BC7DA00E19D31 /* SetUserViewController.m */ = {isa = PBXFileReference; fileEncoding = 4; lastKnownFileType = sourcecode.c.objc; name = SetUserViewController.m; path = Controller/SetUserViewController.m; sourceTree = "<group>"; };
		7DBA6B5E150BC7DA00E19D31 /* MatchController.h */ = {isa = PBXFileReference; fileEncoding = 4; lastKnownFileType = sourcecode.c.h; name = MatchController.h; path = Controller/MatchController.h; sourceTree = "<group>"; };
		7DBA6B5F150BC7DA00E19D31 /* EventRequestController.h */ = {isa = PBXFileReference; fileEncoding = 4; lastKnownFileType = sourcecode.c.h; name = EventRequestController.h; path = Controller/EventRequestController.h; sourceTree = "<group>"; };
		7DBA6B60150BC7DA00E19D31 /* MatchController.m */ = {isa = PBXFileReference; fileEncoding = 4; lastKnownFileType = sourcecode.c.objc; name = MatchController.m; path = Controller/MatchController.m; sourceTree = "<group>"; };
		7DBA6B61150BC7DA00E19D31 /* EventRequestController.m */ = {isa = PBXFileReference; fileEncoding = 4; lastKnownFileType = sourcecode.c.objc; name = EventRequestController.m; path = Controller/EventRequestController.m; sourceTree = "<group>"; };
		7DBA6B62150BC7DA00E19D31 /* SetupLunchViewController.m */ = {isa = PBXFileReference; fileEncoding = 4; lastKnownFileType = sourcecode.c.objc; name = SetupLunchViewController.m; path = Controller/SetupLunchViewController.m; sourceTree = "<group>"; };
		7DBA6B63150BC7DA00E19D31 /* SetUserViewController.h */ = {isa = PBXFileReference; fileEncoding = 4; lastKnownFileType = sourcecode.c.h; name = SetUserViewController.h; path = Controller/SetUserViewController.h; sourceTree = "<group>"; };
		7DBA6B64150BC7DA00E19D31 /* LocationController.h */ = {isa = PBXFileReference; fileEncoding = 4; lastKnownFileType = sourcecode.c.h; name = LocationController.h; path = Controller/LocationController.h; sourceTree = "<group>"; };
		7DBA6B65150BC7DA00E19D31 /* LocationController.m */ = {isa = PBXFileReference; fileEncoding = 4; lastKnownFileType = sourcecode.c.objc; name = LocationController.m; path = Controller/LocationController.m; sourceTree = "<group>"; };
		7DBA6C7C150BC8AF00E19D31 /* MixAndMatch-Prefix.pch */ = {isa = PBXFileReference; fileEncoding = 4; lastKnownFileType = sourcecode.c.h; path = "MixAndMatch-Prefix.pch"; sourceTree = "<group>"; };
		7DBA6C7D150BC8AF00E19D31 /* MixAndMatch-Info.plist */ = {isa = PBXFileReference; fileEncoding = 4; lastKnownFileType = text.plist.xml; path = "MixAndMatch-Info.plist"; sourceTree = "<group>"; };
		7DBA6C7E150BC8AF00E19D31 /* main.m */ = {isa = PBXFileReference; fileEncoding = 4; lastKnownFileType = sourcecode.c.objc; path = main.m; sourceTree = "<group>"; };
		7DBCC97E150CC7FC00B306F5 /* BaseLunchController.h */ = {isa = PBXFileReference; fileEncoding = 4; indentWidth = 4; lastKnownFileType = sourcecode.c.h; name = BaseLunchController.h; path = Controller/BaseLunchController.h; sourceTree = "<group>"; tabWidth = 4; usesTabs = 0; wrapsLines = 1; };
		7DBCC97F150CC7FC00B306F5 /* BaseLunchController.m */ = {isa = PBXFileReference; fileEncoding = 4; indentWidth = 4; lastKnownFileType = sourcecode.c.objc; name = BaseLunchController.m; path = Controller/BaseLunchController.m; sourceTree = "<group>"; tabWidth = 4; usesTabs = 0; wrapsLines = 1; };
/* End PBXFileReference section */

/* Begin PBXFrameworksBuildPhase section */
		7D74593A14F68D8A00AFB621 /* Frameworks */ = {
			isa = PBXFrameworksBuildPhase;
			buildActionMask = 2147483647;
			files = (
				7D880210150CF4EE008B7469 /* EventKit.framework in Frameworks */,
				7D880211150CF4EE008B7469 /* EventKitUI.framework in Frameworks */,
				7D8680031504349600FA030E /* MapKit.framework in Frameworks */,
				7D867FF81504298100FA030E /* CoreLocation.framework in Frameworks */,
				7DA71FD714F6AE5400FAC938 /* CFNetwork.framework in Frameworks */,
				7DA71FD814F6AE5400FAC938 /* CoreData.framework in Frameworks */,
				7DA71FD914F6AE5400FAC938 /* libxml2.dylib in Frameworks */,
				7DA71FDA14F6AE5400FAC938 /* MobileCoreServices.framework in Frameworks */,
				7DA71FDB14F6AE5400FAC938 /* QuartzCore.framework in Frameworks */,
				7DA71FDC14F6AE5400FAC938 /* Security.framework in Frameworks */,
				7DA71FDD14F6AE5400FAC938 /* SystemConfiguration.framework in Frameworks */,
				7D74594614F68D8A00AFB621 /* CoreGraphics.framework in Frameworks */,
				7DA71FCF14F6AE2E00FAC938 /* libRestKit.a in Frameworks */,
				7D74594214F68D8A00AFB621 /* UIKit.framework in Frameworks */,
				7D74594414F68D8A00AFB621 /* Foundation.framework in Frameworks */,
			);
			runOnlyForDeploymentPostprocessing = 0;
		};
		7D74595414F68D8A00AFB621 /* Frameworks */ = {
			isa = PBXFrameworksBuildPhase;
			buildActionMask = 2147483647;
			files = (
				7D74595A14F68D8A00AFB621 /* SenTestingKit.framework in Frameworks */,
				7D74595B14F68D8A00AFB621 /* UIKit.framework in Frameworks */,
				7D74595C14F68D8A00AFB621 /* Foundation.framework in Frameworks */,
			);
			runOnlyForDeploymentPostprocessing = 0;
		};
/* End PBXFrameworksBuildPhase section */

/* Begin PBXGroup section */
		7D74593214F68D8A00AFB621 = {
			isa = PBXGroup;
			children = (
				7D2AE170150C34AF00CCE28C /* taimerhofstr.gpx */,
				7D2AE152150BEE6A00CCE28C /* Icon.png */,
				7D2AE150150BEE5A00CCE28C /* Icon@2x.png */,
				7D2AE14E150BE8D600CCE28C /* Default.png */,
				7DA71FBB14F6AD9E00FAC938 /* RestKit.xcodeproj */,
				7D74594714F68D8A00AFB621 /* MixAndMatch */,
				7D74595F14F68D8A00AFB621 /* MixAndMatchTests */,
				7D74594014F68D8A00AFB621 /* Frameworks */,
				7D74593E14F68D8A00AFB621 /* Products */,
			);
			sourceTree = "<group>";
		};
		7D74593E14F68D8A00AFB621 /* Products */ = {
			isa = PBXGroup;
			children = (
				7D74593D14F68D8A00AFB621 /* MixAndMatch.app */,
				7D74595814F68D8A00AFB621 /* MixAndMatchTests.octest */,
			);
			name = Products;
			sourceTree = "<group>";
		};
		7D74594014F68D8A00AFB621 /* Frameworks */ = {
			isa = PBXGroup;
			children = (
				7DA71FD014F6AE5400FAC938 /* CFNetwork.framework */,
				7DA71FD114F6AE5400FAC938 /* CoreData.framework */,
				7D74594514F68D8A00AFB621 /* CoreGraphics.framework */,
				7D867FF71504298100FA030E /* CoreLocation.framework */,
				7D88020E150CF4EE008B7469 /* EventKit.framework */,
				7D88020F150CF4EE008B7469 /* EventKitUI.framework */,
				7D74594314F68D8A00AFB621 /* Foundation.framework */,
				7DA71FD214F6AE5400FAC938 /* libxml2.dylib */,
				7D8680021504349600FA030E /* MapKit.framework */,
				7DA71FD314F6AE5400FAC938 /* MobileCoreServices.framework */,
				7DA71FD414F6AE5400FAC938 /* QuartzCore.framework */,
				7DA71FD514F6AE5400FAC938 /* Security.framework */,
				7D74595914F68D8A00AFB621 /* SenTestingKit.framework */,
				7DA71FD614F6AE5400FAC938 /* SystemConfiguration.framework */,
				7D74594114F68D8A00AFB621 /* UIKit.framework */,
			);
			name = Frameworks;
			sourceTree = "<group>";
		};
		7D74594714F68D8A00AFB621 /* MixAndMatch */ = {
			isa = PBXGroup;
			children = (
				7D74595014F68D8A00AFB621 /* AppDelegate.h */,
				7D74595114F68D8A00AFB621 /* AppDelegate.m */,
				7DA71FA014F6AD1500FAC938 /* Model */,
				7DA9E09314F6977E00F731F3 /* View */,
				7DA9E0A914F6995D00F731F3 /* Controller */,
				7D74594814F68D8A00AFB621 /* Supporting Files */,
				7DBA6B73150BC81700E19D31 /* Ressources */,
			);
			path = MixAndMatch;
			sourceTree = "<group>";
		};
		7D74594814F68D8A00AFB621 /* Supporting Files */ = {
			isa = PBXGroup;
			children = (
				7DBA6C7C150BC8AF00E19D31 /* MixAndMatch-Prefix.pch */,
				7DBA6C7D150BC8AF00E19D31 /* MixAndMatch-Info.plist */,
				7DBA6C7E150BC8AF00E19D31 /* main.m */,
				7D74594A14F68D8A00AFB621 /* InfoPlist.strings */,
			);
			name = "Supporting Files";
			sourceTree = "<group>";
		};
		7D74595F14F68D8A00AFB621 /* MixAndMatchTests */ = {
			isa = PBXGroup;
			children = (
				7D74596514F68D8A00AFB621 /* MixAndMatchTests.h */,
				7D74596614F68D8A00AFB621 /* MixAndMatchTests.m */,
				7D12B6CA150EA6B500353345 /* EventRequestRESTTests.h */,
				7D12B6CB150EA6B500353345 /* EventRequestRESTTests.m */,
				7D74596014F68D8A00AFB621 /* Supporting Files */,
				7D12B6CD150EA85200353345 /* BaseRESTFulTests.h */,
				7D12B6CE150EA85200353345 /* BaseRESTFulTests.m */,
			);
			path = MixAndMatchTests;
			sourceTree = "<group>";
		};
		7D74596014F68D8A00AFB621 /* Supporting Files */ = {
			isa = PBXGroup;
			children = (
				7D74596114F68D8A00AFB621 /* MixAndMatchTests-Info.plist */,
				7D74596214F68D8A00AFB621 /* InfoPlist.strings */,
			);
			name = "Supporting Files";
			sourceTree = "<group>";
		};
		7DA71FA014F6AD1500FAC938 /* Model */ = {
			isa = PBXGroup;
			children = (
				7DA71FA114F6AD1500FAC938 /* BaseModel.h */,
				7DA71FA214F6AD1500FAC938 /* Coordinate.h */,
				7DA71FA314F6AD1500FAC938 /* Coordinate.m */,
				7DA71FA414F6AD1500FAC938 /* EventRequest.h */,
				7DA71FA514F6AD1500FAC938 /* EventRequest.m */,
				7DA71FA614F6AD1500FAC938 /* Location.h */,
				7DA71FA714F6AD1500FAC938 /* Location.m */,
				7D9E6E5F15057E56006ACBA1 /* MapPoint.h */,
				7D9E6E6015057E56006ACBA1 /* MapPoint.m */,
				7DA71FA814F6AD1500FAC938 /* Match.h */,
				7DA71FA914F6AD1500FAC938 /* Match.m */,
			);
			path = Model;
			sourceTree = "<group>";
		};
		7DA71FBC14F6AD9E00FAC938 /* Products */ = {
			isa = PBXGroup;
			children = (
				7DA71FC614F6AD9F00FAC938 /* libRestKit.a */,
				7DA71FC814F6AD9F00FAC938 /* RestKitTests.octest */,
				7DA71FCA14F6AD9F00FAC938 /* RestKit.framework */,
				7DA71FCC14F6AD9F00FAC938 /* RestKitFrameworkTests.octest */,
			);
			name = Products;
			sourceTree = "<group>";
		};
		7DA9E09314F6977E00F731F3 /* View */ = {
			isa = PBXGroup;
			children = (
				7DBA6B45150BC7C400E19D31 /* mainWindow.xib */,
				7DBA6B48150BC7C400E19D31 /* DatePickerView_iPhone.xib */,
				7DBA6B40150BC7C400E19D31 /* EventRequestView_iPad.xib */,
				7DBA6B44150BC7C400E19D31 /* EventRequestView_iPhone.xib */,
				7DBA6B41150BC7C400E19D31 /* LocationView_iPad.xib */,
				7DBA6B47150BC7C400E19D31 /* LocationView_iPhone.xib */,
				7DBA6B42150BC7C400E19D31 /* MatchView_iPad.xib */,
				7DBA6B43150BC7C400E19D31 /* MatchView_iPhone.xib */,
				7DBA6B49150BC7C400E19D31 /* SetupLunchView_iPhone.xib */,
				7DBA6B4A150BC7C400E19D31 /* SetUserViewController.xib */,
				7D86199D150CE57E00BF7C9C /* MatchDetailView.xib */,
			);
			name = View;
			sourceTree = "<group>";
		};
		7DA9E0A914F6995D00F731F3 /* Controller */ = {
			isa = PBXGroup;
			children = (
				7DBA6B56150BC7DA00E19D31 /* DatePickerViewController.h */,
				7DBA6B5B150BC7DA00E19D31 /* DatePickerViewController.m */,
				7DBCC97E150CC7FC00B306F5 /* BaseLunchController.h */,
				7DBCC97F150CC7FC00B306F5 /* BaseLunchController.m */,
				7DBA6B5F150BC7DA00E19D31 /* EventRequestController.h */,
				7DBA6B61150BC7DA00E19D31 /* EventRequestController.m */,
				7DBA6B64150BC7DA00E19D31 /* LocationController.h */,
				7DBA6B65150BC7DA00E19D31 /* LocationController.m */,
				7DBA6B5E150BC7DA00E19D31 /* MatchController.h */,
				7DBA6B60150BC7DA00E19D31 /* MatchController.m */,
				7DBA6B59150BC7DA00E19D31 /* NSString+StringUtils.h */,
				7DBA6B5A150BC7DA00E19D31 /* NSString+StringUtils.m */,
				7DBA6B5C150BC7DA00E19D31 /* SetupLunchViewController.h */,
				7DBA6B62150BC7DA00E19D31 /* SetupLunchViewController.m */,
				7DBA6B63150BC7DA00E19D31 /* SetUserViewController.h */,
				7DBA6B5D150BC7DA00E19D31 /* SetUserViewController.m */,
				7D86199F150CE8B600BF7C9C /* MatchDetailViewController.h */,
				7D8619A0150CE8B600BF7C9C /* MatchDetailViewController.m */,
			);
			name = Controller;
			sourceTree = "<group>";
		};
		7DBA6B73150BC81700E19D31 /* Ressources */ = {
			isa = PBXGroup;
			children = (
				7D2AE156150BF5CB00CCE28C /* mfLogoWhite_630.png */,
				7D2AE154150BF32200CCE28C /* mfLogoWhite.png */,
				7D2AE14C150BE62E00CCE28C /* Default@2x.png */,
				7DBA6B74150BC81700E19D31 /* icons */,
			);
			path = Ressources;
			sourceTree = "<group>";
		};
		7DBA6B74150BC81700E19D31 /* icons */ = {
			isa = PBXGroup;
			children = (
			);
			path = icons;
			sourceTree = "<group>";
		};
/* End PBXGroup section */

/* Begin PBXNativeTarget section */
		7D74593C14F68D8A00AFB621 /* MixAndMatch */ = {
			isa = PBXNativeTarget;
			buildConfigurationList = 7D74596A14F68D8A00AFB621 /* Build configuration list for PBXNativeTarget "MixAndMatch" */;
			buildPhases = (
				7D74593914F68D8A00AFB621 /* Sources */,
				7D74593A14F68D8A00AFB621 /* Frameworks */,
				7D74593B14F68D8A00AFB621 /* Resources */,
			);
			buildRules = (
			);
			dependencies = (
				7DA71FCE14F6AE2600FAC938 /* PBXTargetDependency */,
			);
			name = MixAndMatch;
			productName = MixAndMatch;
			productReference = 7D74593D14F68D8A00AFB621 /* MixAndMatch.app */;
			productType = "com.apple.product-type.application";
		};
		7D74595714F68D8A00AFB621 /* MixAndMatchTests */ = {
			isa = PBXNativeTarget;
			buildConfigurationList = 7D74596D14F68D8A00AFB621 /* Build configuration list for PBXNativeTarget "MixAndMatchTests" */;
			buildPhases = (
				7D74595314F68D8A00AFB621 /* Sources */,
				7D74595414F68D8A00AFB621 /* Frameworks */,
				7D74595514F68D8A00AFB621 /* Resources */,
				7D74595614F68D8A00AFB621 /* ShellScript */,
			);
			buildRules = (
			);
			dependencies = (
				7D74595E14F68D8A00AFB621 /* PBXTargetDependency */,
			);
			name = MixAndMatchTests;
			productName = MixAndMatchTests;
			productReference = 7D74595814F68D8A00AFB621 /* MixAndMatchTests.octest */;
			productType = "com.apple.product-type.bundle";
		};
/* End PBXNativeTarget section */

/* Begin PBXProject section */
		7D74593414F68D8A00AFB621 /* Project object */ = {
			isa = PBXProject;
			attributes = {
				LastUpgradeCheck = 0430;
			};
			buildConfigurationList = 7D74593714F68D8A00AFB621 /* Build configuration list for PBXProject "MixAndMatch" */;
			compatibilityVersion = "Xcode 3.2";
			developmentRegion = English;
			hasScannedForEncodings = 0;
			knownRegions = (
				en,
			);
			mainGroup = 7D74593214F68D8A00AFB621;
			productRefGroup = 7D74593E14F68D8A00AFB621 /* Products */;
			projectDirPath = "";
			projectReferences = (
				{
					ProductGroup = 7DA71FBC14F6AD9E00FAC938 /* Products */;
					ProjectRef = 7DA71FBB14F6AD9E00FAC938 /* RestKit.xcodeproj */;
				},
			);
			projectRoot = "";
			targets = (
				7D74593C14F68D8A00AFB621 /* MixAndMatch */,
				7D74595714F68D8A00AFB621 /* MixAndMatchTests */,
			);
		};
/* End PBXProject section */

/* Begin PBXReferenceProxy section */
		7DA71FC614F6AD9F00FAC938 /* libRestKit.a */ = {
			isa = PBXReferenceProxy;
			fileType = archive.ar;
			path = libRestKit.a;
			remoteRef = 7DA71FC514F6AD9F00FAC938 /* PBXContainerItemProxy */;
			sourceTree = BUILT_PRODUCTS_DIR;
		};
		7DA71FC814F6AD9F00FAC938 /* RestKitTests.octest */ = {
			isa = PBXReferenceProxy;
			fileType = wrapper.cfbundle;
			path = RestKitTests.octest;
			remoteRef = 7DA71FC714F6AD9F00FAC938 /* PBXContainerItemProxy */;
			sourceTree = BUILT_PRODUCTS_DIR;
		};
		7DA71FCA14F6AD9F00FAC938 /* RestKit.framework */ = {
			isa = PBXReferenceProxy;
			fileType = wrapper.framework;
			path = RestKit.framework;
			remoteRef = 7DA71FC914F6AD9F00FAC938 /* PBXContainerItemProxy */;
			sourceTree = BUILT_PRODUCTS_DIR;
		};
		7DA71FCC14F6AD9F00FAC938 /* RestKitFrameworkTests.octest */ = {
			isa = PBXReferenceProxy;
			fileType = wrapper.cfbundle;
			path = RestKitFrameworkTests.octest;
			remoteRef = 7DA71FCB14F6AD9F00FAC938 /* PBXContainerItemProxy */;
			sourceTree = BUILT_PRODUCTS_DIR;
		};
/* End PBXReferenceProxy section */

/* Begin PBXResourcesBuildPhase section */
		7D74593B14F68D8A00AFB621 /* Resources */ = {
			isa = PBXResourcesBuildPhase;
			buildActionMask = 2147483647;
			files = (
				7D74594C14F68D8A00AFB621 /* InfoPlist.strings in Resources */,
				7DBA6B4B150BC7C400E19D31 /* EventRequestView_iPad.xib in Resources */,
				7DBA6B4C150BC7C400E19D31 /* LocationView_iPad.xib in Resources */,
				7DBA6B4D150BC7C400E19D31 /* MatchView_iPad.xib in Resources */,
				7DBA6B4E150BC7C400E19D31 /* MatchView_iPhone.xib in Resources */,
				7DBA6B4F150BC7C400E19D31 /* EventRequestView_iPhone.xib in Resources */,
				7DBA6B50150BC7C400E19D31 /* mainWindow.xib in Resources */,
				7DBA6B52150BC7C400E19D31 /* LocationView_iPhone.xib in Resources */,
				7DBA6B53150BC7C400E19D31 /* DatePickerView_iPhone.xib in Resources */,
				7DBA6B54150BC7C400E19D31 /* SetupLunchView_iPhone.xib in Resources */,
				7DBA6B55150BC7C400E19D31 /* SetUserViewController.xib in Resources */,
				7DBA6C7F150BC8AF00E19D31 /* MixAndMatch-Info.plist in Resources */,
				7D2AE14D150BE62E00CCE28C /* Default@2x.png in Resources */,
				7D2AE14F150BE8D600CCE28C /* Default.png in Resources */,
				7D2AE151150BEE5A00CCE28C /* Icon@2x.png in Resources */,
				7D2AE153150BEE6A00CCE28C /* Icon.png in Resources */,
				7D2AE155150BF32200CCE28C /* mfLogoWhite.png in Resources */,
				7D2AE157150BF5CB00CCE28C /* mfLogoWhite_630.png in Resources */,
				7D86199E150CE57E00BF7C9C /* MatchDetailView.xib in Resources */,
			);
			runOnlyForDeploymentPostprocessing = 0;
		};
		7D74595514F68D8A00AFB621 /* Resources */ = {
			isa = PBXResourcesBuildPhase;
			buildActionMask = 2147483647;
			files = (
				7D74596414F68D8A00AFB621 /* InfoPlist.strings in Resources */,
			);
			runOnlyForDeploymentPostprocessing = 0;
		};
/* End PBXResourcesBuildPhase section */

/* Begin PBXShellScriptBuildPhase section */
		7D74595614F68D8A00AFB621 /* ShellScript */ = {
			isa = PBXShellScriptBuildPhase;
			buildActionMask = 2147483647;
			files = (
			);
			inputPaths = (
			);
			outputPaths = (
			);
			runOnlyForDeploymentPostprocessing = 0;
			shellPath = /bin/sh;
			shellScript = "# Run the unit tests in this test bundle.\n\"${SYSTEM_DEVELOPER_DIR}/Tools/RunUnitTests\"\n";
		};
/* End PBXShellScriptBuildPhase section */

/* Begin PBXSourcesBuildPhase section */
		7D74593914F68D8A00AFB621 /* Sources */ = {
			isa = PBXSourcesBuildPhase;
			buildActionMask = 2147483647;
			files = (
				7D74595214F68D8A00AFB621 /* AppDelegate.m in Sources */,
				7DA71FAA14F6AD1500FAC938 /* Coordinate.m in Sources */,
				7DA71FAB14F6AD1500FAC938 /* EventRequest.m in Sources */,
				7DA71FAC14F6AD1500FAC938 /* Location.m in Sources */,
				7DA71FAD14F6AD1500FAC938 /* Match.m in Sources */,
				7D9E6E6115057E56006ACBA1 /* MapPoint.m in Sources */,
				7DBA6B67150BC7DA00E19D31 /* NSString+StringUtils.m in Sources */,
				7DBA6B68150BC7DA00E19D31 /* DatePickerViewController.m in Sources */,
				7DBA6B69150BC7DA00E19D31 /* SetUserViewController.m in Sources */,
				7DBA6B6A150BC7DA00E19D31 /* MatchController.m in Sources */,
				7DBA6B6B150BC7DA00E19D31 /* EventRequestController.m in Sources */,
				7DBA6B6C150BC7DA00E19D31 /* SetupLunchViewController.m in Sources */,
				7DBA6B6D150BC7DA00E19D31 /* LocationController.m in Sources */,
				7DBA6C80150BC8AF00E19D31 /* main.m in Sources */,
				7DBCC980150CC7FC00B306F5 /* BaseLunchController.m in Sources */,
				7D8619A1150CE8B600BF7C9C /* MatchDetailViewController.m in Sources */,
			);
			runOnlyForDeploymentPostprocessing = 0;
		};
		7D74595314F68D8A00AFB621 /* Sources */ = {
			isa = PBXSourcesBuildPhase;
			buildActionMask = 2147483647;
			files = (
				7D74596714F68D8A00AFB621 /* MixAndMatchTests.m in Sources */,
				7D12B6CC150EA6B500353345 /* EventRequestRESTTests.m in Sources */,
				7D12B6CF150EA85200353345 /* BaseRESTFulTests.m in Sources */,
			);
			runOnlyForDeploymentPostprocessing = 0;
		};
/* End PBXSourcesBuildPhase section */

/* Begin PBXTargetDependency section */
		7D74595E14F68D8A00AFB621 /* PBXTargetDependency */ = {
			isa = PBXTargetDependency;
			target = 7D74593C14F68D8A00AFB621 /* MixAndMatch */;
			targetProxy = 7D74595D14F68D8A00AFB621 /* PBXContainerItemProxy */;
		};
		7DA71FCE14F6AE2600FAC938 /* PBXTargetDependency */ = {
			isa = PBXTargetDependency;
			name = RestKit;
			targetProxy = 7DA71FCD14F6AE2600FAC938 /* PBXContainerItemProxy */;
		};
/* End PBXTargetDependency section */

/* Begin PBXVariantGroup section */
		7D74594A14F68D8A00AFB621 /* InfoPlist.strings */ = {
			isa = PBXVariantGroup;
			children = (
				7D74594B14F68D8A00AFB621 /* en */,
			);
			name = InfoPlist.strings;
			sourceTree = "<group>";
		};
		7D74596214F68D8A00AFB621 /* InfoPlist.strings */ = {
			isa = PBXVariantGroup;
			children = (
				7D74596314F68D8A00AFB621 /* en */,
			);
			name = InfoPlist.strings;
			sourceTree = "<group>";
		};
/* End PBXVariantGroup section */

/* Begin XCBuildConfiguration section */
		7D74596814F68D8A00AFB621 /* Debug */ = {
			isa = XCBuildConfiguration;
			buildSettings = {
				ALWAYS_SEARCH_USER_PATHS = NO;
				ARCHS = "$(ARCHS_STANDARD_32_BIT)";
				"CODE_SIGN_IDENTITY[sdk=iphoneos*]" = "iPhone Developer";
				COPY_PHASE_STRIP = NO;
				DEBUG_INFORMATION_FORMAT = "dwarf-with-dsym";
				GCC_C_LANGUAGE_STANDARD = gnu99;
				GCC_DYNAMIC_NO_PIC = NO;
				GCC_OPTIMIZATION_LEVEL = 0;
				GCC_PREPROCESSOR_DEFINITIONS = "DEBUG=1";
				GCC_SYMBOLS_PRIVATE_EXTERN = NO;
				GCC_VERSION = com.apple.compilers.llvm.clang.1_0;
				GCC_WARN_ABOUT_RETURN_TYPE = YES;
				GCC_WARN_UNINITIALIZED_AUTOS = YES;
				GCC_WARN_UNUSED_VARIABLE = YES;
				GENERATE_PROFILING_CODE = NO;
				HEADER_SEARCH_PATHS = "\"$(SOURCE_ROOT)/RestKit/Build\"";
				IPHONEOS_DEPLOYMENT_TARGET = 5.0;
				OTHER_LDFLAGS = (
					"-ObjC",
					"-all_load",
				);
				RUN_CLANG_STATIC_ANALYZER = NO;
				SCAN_ALL_SOURCE_FILES_FOR_INCLUDES = YES;
				SDKROOT = iphoneos;
				TARGETED_DEVICE_FAMILY = "1,2";
			};
			name = Debug;
		};
		7D74596914F68D8A00AFB621 /* Release */ = {
			isa = XCBuildConfiguration;
			buildSettings = {
				ALWAYS_SEARCH_USER_PATHS = NO;
				ARCHS = "$(ARCHS_STANDARD_32_BIT)";
				"CODE_SIGN_IDENTITY[sdk=iphoneos*]" = "iPhone Developer";
				COPY_PHASE_STRIP = YES;
				DEBUG_INFORMATION_FORMAT = "dwarf-with-dsym";
				GCC_C_LANGUAGE_STANDARD = gnu99;
				GCC_PREPROCESSOR_DEFINITIONS = "";
				GCC_VERSION = com.apple.compilers.llvm.clang.1_0;
				GCC_WARN_ABOUT_RETURN_TYPE = YES;
				GCC_WARN_UNINITIALIZED_AUTOS = YES;
				GCC_WARN_UNUSED_VARIABLE = YES;
				GENERATE_PROFILING_CODE = NO;
				HEADER_SEARCH_PATHS = "\"$(SOURCE_ROOT)/RestKit/Build\"";
				IPHONEOS_DEPLOYMENT_TARGET = 5.0;
				OTHER_CFLAGS = "-DNS_BLOCK_ASSERTIONS=1";
				OTHER_LDFLAGS = (
					"-ObjC",
					"-all_load",
				);
				RUN_CLANG_STATIC_ANALYZER = NO;
				SCAN_ALL_SOURCE_FILES_FOR_INCLUDES = YES;
				SDKROOT = iphoneos;
				TARGETED_DEVICE_FAMILY = "1,2";
				VALIDATE_PRODUCT = YES;
			};
			name = Release;
		};
		7D74596B14F68D8A00AFB621 /* Debug */ = {
			isa = XCBuildConfiguration;
			buildSettings = {
				CODE_SIGN_IDENTITY = "iPhone Developer: Florian Schebelle (S8EJUU3EV8)";
				GCC_PRECOMPILE_PREFIX_HEADER = YES;
				GCC_PREFIX_HEADER = "MixAndMatch/MixAndMatch-Prefix.pch";
				INFOPLIST_FILE = "MixAndMatch/MixAndMatch-Info.plist";
				PRODUCT_NAME = "$(TARGET_NAME)";
				PROVISIONING_PROFILE = "";
				WRAPPER_EXTENSION = app;
			};
			name = Debug;
		};
		7D74596C14F68D8A00AFB621 /* Release */ = {
			isa = XCBuildConfiguration;
			buildSettings = {
				CODE_SIGN_IDENTITY = "iPhone Developer: Florian Schebelle (S8EJUU3EV8)";
				GCC_PRECOMPILE_PREFIX_HEADER = YES;
				GCC_PREFIX_HEADER = "MixAndMatch/MixAndMatch-Prefix.pch";
				INFOPLIST_FILE = "MixAndMatch/MixAndMatch-Info.plist";
				PRODUCT_NAME = "$(TARGET_NAME)";
				PROVISIONING_PROFILE = "";
				WRAPPER_EXTENSION = app;
			};
			name = Release;
		};
		7D74596E14F68D8A00AFB621 /* Debug */ = {
			isa = XCBuildConfiguration;
			buildSettings = {
				BUNDLE_LOADER = "$(BUILT_PRODUCTS_DIR)/MixAndMatch.app/MixAndMatch";
				FRAMEWORK_SEARCH_PATHS = (
					"$(SDKROOT)/Developer/Library/Frameworks",
					"$(DEVELOPER_LIBRARY_DIR)/Frameworks",
				);
				GCC_PRECOMPILE_PREFIX_HEADER = YES;
				GCC_PREFIX_HEADER = "MixAndMatch/MixAndMatch-Prefix.pch";
				INFOPLIST_FILE = "MixAndMatchTests/MixAndMatchTests-Info.plist";
				PRODUCT_NAME = "$(TARGET_NAME)";
				TEST_HOST = "$(BUNDLE_LOADER)";
				WRAPPER_EXTENSION = octest;
			};
			name = Debug;
		};
		7D74596F14F68D8A00AFB621 /* Release */ = {
			isa = XCBuildConfiguration;
			buildSettings = {
				BUNDLE_LOADER = "$(BUILT_PRODUCTS_DIR)/MixAndMatch.app/MixAndMatch";
				FRAMEWORK_SEARCH_PATHS = (
					"$(SDKROOT)/Developer/Library/Frameworks",
					"$(DEVELOPER_LIBRARY_DIR)/Frameworks",
				);
				GCC_PRECOMPILE_PREFIX_HEADER = YES;
				GCC_PREFIX_HEADER = "MixAndMatch/MixAndMatch-Prefix.pch";
				INFOPLIST_FILE = "MixAndMatchTests/MixAndMatchTests-Info.plist";
				PRODUCT_NAME = "$(TARGET_NAME)";
				TEST_HOST = "$(BUNDLE_LOADER)";
				WRAPPER_EXTENSION = octest;
			};
			name = Release;
		};
/* End XCBuildConfiguration section */

/* Begin XCConfigurationList section */
		7D74593714F68D8A00AFB621 /* Build configuration list for PBXProject "MixAndMatch" */ = {
			isa = XCConfigurationList;
			buildConfigurations = (
				7D74596814F68D8A00AFB621 /* Debug */,
				7D74596914F68D8A00AFB621 /* Release */,
			);
			defaultConfigurationIsVisible = 0;
			defaultConfigurationName = Release;
		};
		7D74596A14F68D8A00AFB621 /* Build configuration list for PBXNativeTarget "MixAndMatch" */ = {
			isa = XCConfigurationList;
			buildConfigurations = (
				7D74596B14F68D8A00AFB621 /* Debug */,
				7D74596C14F68D8A00AFB621 /* Release */,
			);
			defaultConfigurationIsVisible = 0;
			defaultConfigurationName = Release;
		};
		7D74596D14F68D8A00AFB621 /* Build configuration list for PBXNativeTarget "MixAndMatchTests" */ = {
			isa = XCConfigurationList;
			buildConfigurations = (
				7D74596E14F68D8A00AFB621 /* Debug */,
				7D74596F14F68D8A00AFB621 /* Release */,
			);
			defaultConfigurationIsVisible = 0;
			defaultConfigurationName = Release;
		};
/* End XCConfigurationList section */
	};
	rootObject = 7D74593414F68D8A00AFB621 /* Project object */;
}
